
Microsoft Visual Studio Solution File, Format Version 12.00
# Visual Studio Version 17
VisualStudioVersion = 17.0.31903.59
MinimumVisualStudioVersion = 10.0.40219.1
Project("{FAE04EC0-301F-11D3-BF4B-00C04F79EFBC}") = "Auditoria.Financeira.Domain", "Auditoria.Financeira.Domain\Auditoria.Financeira.Domain.csproj", "{6735C410-D378-44F4-BCB9-39EE2627924E}"
EndProject
Project("{FAE04EC0-301F-11D3-BF4B-00C04F79EFBC}") = "Auditoria.Financeira.Domain.Api", "Auditoria.Financeira.Domain.Api\Auditoria.Financeira.Domain.Api.csproj", "{B4355288-E942-4B21-97EB-831BE2C2C7F8}"
EndProject
Project("{FAE04EC0-301F-11D3-BF4B-00C04F79EFBC}") = "Auditoria.Financeira.Domain.Infra", "Auditoria.Financeira.Domain.Infra\Auditoria.Financeira.Domain.Infra.csproj", "{5CF785BB-479B-4528-B315-51CD21239F01}"
EndProject
Project("{FAE04EC0-301F-11D3-BF4B-00C04F79EFBC}") = "Auditoria.Financeira.Domain.Tests", "Auditoria.Financeira.Domain.Tests\Auditoria.Financeira.Domain.Tests.csproj", "{68F5E72E-964C-4935-A390-DF3ECEF7EBB6}"
EndProject
Global
	GlobalSection(SolutionConfigurationPlatforms) = preSolution
		Debug|Any CPU = Debug|Any CPU
		Release|Any CPU = Release|Any CPU
	EndGlobalSection
	GlobalSection(SolutionProperties) = preSolution
		HideSolutionNode = FALSE
	EndGlobalSection
	GlobalSection(ProjectConfigurationPlatforms) = postSolution
		{6735C410-D378-44F4-BCB9-39EE2627924E}.Debug|Any CPU.ActiveCfg = Debug|Any CPU
		{6735C410-D378-44F4-BCB9-39EE2627924E}.Debug|Any CPU.Build.0 = Debug|Any CPU
		{6735C410-D378-44F4-BCB9-39EE2627924E}.Release|Any CPU.ActiveCfg = Release|Any CPU
		{6735C410-D378-44F4-BCB9-39EE2627924E}.Release|Any CPU.Build.0 = Release|Any CPU
		{B4355288-E942-4B21-97EB-831BE2C2C7F8}.Debug|Any CPU.ActiveCfg = Debug|Any CPU
		{B4355288-E942-4B21-97EB-831BE2C2C7F8}.Debug|Any CPU.Build.0 = Debug|Any CPU
		{B4355288-E942-4B21-97EB-831BE2C2C7F8}.Release|Any CPU.ActiveCfg = Release|Any CPU
		{B4355288-E942-4B21-97EB-831BE2C2C7F8}.Release|Any CPU.Build.0 = Release|Any CPU
		{5CF785BB-479B-4528-B315-51CD21239F01}.Debug|Any CPU.ActiveCfg = Debug|Any CPU
		{5CF785BB-479B-4528-B315-51CD21239F01}.Debug|Any CPU.Build.0 = Debug|Any CPU
		{5CF785BB-479B-4528-B315-51CD21239F01}.Release|Any CPU.ActiveCfg = Release|Any CPU
		{5CF785BB-479B-4528-B315-51CD21239F01}.Release|Any CPU.Build.0 = Release|Any CPU
		{68F5E72E-964C-4935-A390-DF3ECEF7EBB6}.Debug|Any CPU.ActiveCfg = Debug|Any CPU
		{68F5E72E-964C-4935-A390-DF3ECEF7EBB6}.Debug|Any CPU.Build.0 = Debug|Any CPU
		{68F5E72E-964C-4935-A390-DF3ECEF7EBB6}.Release|Any CPU.ActiveCfg = Release|Any CPU
		{68F5E72E-964C-4935-A390-DF3ECEF7EBB6}.Release|Any CPU.Build.0 = Release|Any CPU
	EndGlobalSection
EndGlobal
